// !$*UTF8*$!
{
	archiveVersion = 1;
	classes = {
	};
	objectVersion = 56;
	objects = {

/* Begin PBXBuildFile section */
		583DB4DA298625CF00152056 /* ContactRowView.swift in Sources */ = {isa = PBXBuildFile; fileRef = 583DB4D9298625CF00152056 /* ContactRowView.swift */; };
		583DB4DC298627E100152056 /* ContactDetailView.swift in Sources */ = {isa = PBXBuildFile; fileRef = 583DB4DB298627E100152056 /* ContactDetailView.swift */; };
		583DB4DE29862CD300152056 /* CreateContactView.swift in Sources */ = {isa = PBXBuildFile; fileRef = 583DB4DD29862CD300152056 /* CreateContactView.swift */; };
		585107012983304700C666DC /* AddMyClientApp.swift in Sources */ = {isa = PBXBuildFile; fileRef = 585107002983304700C666DC /* AddMyClientApp.swift */; };
		585107032983304700C666DC /* ContentView.swift in Sources */ = {isa = PBXBuildFile; fileRef = 585107022983304700C666DC /* ContentView.swift */; };
		585107052983304800C666DC /* Assets.xcassets in Resources */ = {isa = PBXBuildFile; fileRef = 585107042983304800C666DC /* Assets.xcassets */; };
		585107082983304800C666DC /* Preview Assets.xcassets in Resources */ = {isa = PBXBuildFile; fileRef = 585107072983304800C666DC /* Preview Assets.xcassets */; };
		585107102983307900C666DC /* ClientsDataModel.xcdatamodeld in Sources */ = {isa = PBXBuildFile; fileRef = 5851070E2983307900C666DC /* ClientsDataModel.xcdatamodeld */; };
		585107122983375F00C666DC /* Client.swift in Sources */ = {isa = PBXBuildFile; fileRef = 585107112983375F00C666DC /* Client.swift */; };
		58DC4EC129860A6E005FA09B /* ContactsProvider.swift in Sources */ = {isa = PBXBuildFile; fileRef = 58DC4EC029860A6E005FA09B /* ContactsProvider.swift */; };
/* End PBXBuildFile section */

/* Begin PBXFileReference section */
		583DB4D9298625CF00152056 /* ContactRowView.swift */ = {isa = PBXFileReference; lastKnownFileType = sourcecode.swift; path = ContactRowView.swift; sourceTree = "<group>"; };
		583DB4DB298627E100152056 /* ContactDetailView.swift */ = {isa = PBXFileReference; lastKnownFileType = sourcecode.swift; path = ContactDetailView.swift; sourceTree = "<group>"; };
		583DB4DD29862CD300152056 /* CreateContactView.swift */ = {isa = PBXFileReference; lastKnownFileType = sourcecode.swift; path = CreateContactView.swift; sourceTree = "<group>"; };
		585106FD2983304700C666DC /* AddMyClient.app */ = {isa = PBXFileReference; explicitFileType = wrapper.application; includeInIndex = 0; path = AddMyClient.app; sourceTree = BUILT_PRODUCTS_DIR; };
		585107002983304700C666DC /* AddMyClientApp.swift */ = {isa = PBXFileReference; lastKnownFileType = sourcecode.swift; path = AddMyClientApp.swift; sourceTree = "<group>"; };
		585107022983304700C666DC /* ContentView.swift */ = {isa = PBXFileReference; lastKnownFileType = sourcecode.swift; path = ContentView.swift; sourceTree = "<group>"; };
		585107042983304800C666DC /* Assets.xcassets */ = {isa = PBXFileReference; lastKnownFileType = folder.assetcatalog; path = Assets.xcassets; sourceTree = "<group>"; };
		585107072983304800C666DC /* Preview Assets.xcassets */ = {isa = PBXFileReference; lastKnownFileType = folder.assetcatalog; path = "Preview Assets.xcassets"; sourceTree = "<group>"; };
		5851070F2983307900C666DC /* ClientsDataModel.xcdatamodel */ = {isa = PBXFileReference; lastKnownFileType = wrapper.xcdatamodel; path = ClientsDataModel.xcdatamodel; sourceTree = "<group>"; };
		585107112983375F00C666DC /* Client.swift */ = {isa = PBXFileReference; lastKnownFileType = sourcecode.swift; path = Client.swift; sourceTree = "<group>"; };
		58DC4EC029860A6E005FA09B /* ContactsProvider.swift */ = {isa = PBXFileReference; lastKnownFileType = sourcecode.swift; path = ContactsProvider.swift; sourceTree = "<group>"; };
/* End PBXFileReference section */

/* Begin PBXFrameworksBuildPhase section */
		585106FA2983304700C666DC /* Frameworks */ = {
			isa = PBXFrameworksBuildPhase;
			buildActionMask = 2147483647;
			files = (
			);
			runOnlyForDeploymentPostprocessing = 0;
		};
/* End PBXFrameworksBuildPhase section */

/* Begin PBXGroup section */
		585106F42983304700C666DC = {
			isa = PBXGroup;
			children = (
				585106FF2983304700C666DC /* AddMyClient */,
				585106FE2983304700C666DC /* Products */,
			);
			sourceTree = "<group>";
		};
		585106FE2983304700C666DC /* Products */ = {
			isa = PBXGroup;
			children = (
				585106FD2983304700C666DC /* AddMyClient.app */,
			);
			name = Products;
			sourceTree = "<group>";
		};
		585106FF2983304700C666DC /* AddMyClient */ = {
			isa = PBXGroup;
			children = (
				58510713298337F600C666DC /* Model */,
				585107002983304700C666DC /* AddMyClientApp.swift */,
				58DC4EBF29860A1A005FA09B /* Provider */,
				585107022983304700C666DC /* ContentView.swift */,
				583DB4DB298627E100152056 /* ContactDetailView.swift */,
				583DB4D9298625CF00152056 /* ContactRowView.swift */,
				583DB4DD29862CD300152056 /* CreateContactView.swift */,
				5851070E2983307900C666DC /* ClientsDataModel.xcdatamodeld */,
				585107042983304800C666DC /* Assets.xcassets */,
				585107062983304800C666DC /* Preview Content */,
			);
			path = AddMyClient;
			sourceTree = "<group>";
		};
		585107062983304800C666DC /* Preview Content */ = {
			isa = PBXGroup;
			children = (
				585107072983304800C666DC /* Preview Assets.xcassets */,
			);
			path = "Preview Content";
			sourceTree = "<group>";
		};
		58510713298337F600C666DC /* Model */ = {
			isa = PBXGroup;
			children = (
				585107112983375F00C666DC /* Client.swift */,
			);
			path = Model;
			sourceTree = "<group>";
		};
		58DC4EBF29860A1A005FA09B /* Provider */ = {
			isa = PBXGroup;
			children = (
				58DC4EC029860A6E005FA09B /* ContactsProvider.swift */,
			);
			path = Provider;
			sourceTree = "<group>";
		};
/* End PBXGroup section */

/* Begin PBXNativeTarget section */
		585106FC2983304700C666DC /* AddMyClient */ = {
			isa = PBXNativeTarget;
			buildConfigurationList = 5851070B2983304800C666DC /* Build configuration list for PBXNativeTarget "AddMyClient" */;
			buildPhases = (
				585106F92983304700C666DC /* Sources */,
				585106FA2983304700C666DC /* Frameworks */,
				585106FB2983304700C666DC /* Resources */,
			);
			buildRules = (
			);
			dependencies = (
			);
			name = AddMyClient;
			productName = AddMyClient;
			productReference = 585106FD2983304700C666DC /* AddMyClient.app */;
			productType = "com.apple.product-type.application";
		};
/* End PBXNativeTarget section */

/* Begin PBXProject section */
		585106F52983304700C666DC /* Project object */ = {
			isa = PBXProject;
			attributes = {
				BuildIndependentTargetsInParallel = 1;
				LastSwiftUpdateCheck = 1420;
				LastUpgradeCheck = 1420;
				TargetAttributes = {
					585106FC2983304700C666DC = {
						CreatedOnToolsVersion = 14.2;
					};
				};
			};
			buildConfigurationList = 585106F82983304700C666DC /* Build configuration list for PBXProject "AddMyClient" */;
			compatibilityVersion = "Xcode 14.0";
			developmentRegion = en;
			hasScannedForEncodings = 0;
			knownRegions = (
				en,
				Base,
			);
			mainGroup = 585106F42983304700C666DC;
			productRefGroup = 585106FE2983304700C666DC /* Products */;
			projectDirPath = "";
			projectRoot = "";
			targets = (
				585106FC2983304700C666DC /* AddMyClient */,
			);
		};
/* End PBXProject section */

/* Begin PBXResourcesBuildPhase section */
		585106FB2983304700C666DC /* Resources */ = {
			isa = PBXResourcesBuildPhase;
			buildActionMask = 2147483647;
			files = (
				585107082983304800C666DC /* Preview Assets.xcassets in Resources */,
				585107052983304800C666DC /* Assets.xcassets in Resources */,
			);
			runOnlyForDeploymentPostprocessing = 0;
		};
/* End PBXResourcesBuildPhase section */

/* Begin PBXSourcesBuildPhase section */
		585106F92983304700C666DC /* Sources */ = {
			isa = PBXSourcesBuildPhase;
			buildActionMask = 2147483647;
			files = (
				585107102983307900C666DC /* ClientsDataModel.xcdatamodeld in Sources */,
				58DC4EC129860A6E005FA09B /* ContactsProvider.swift in Sources */,
				583DB4DC298627E100152056 /* ContactDetailView.swift in Sources */,
				585107032983304700C666DC /* ContentView.swift in Sources */,
				585107122983375F00C666DC /* Client.swift in Sources */,
				583DB4DE29862CD300152056 /* CreateContactView.swift in Sources */,
				583DB4DA298625CF00152056 /* ContactRowView.swift in Sources */,
				585107012983304700C666DC /* AddMyClientApp.swift in Sources */,
			);
			runOnlyForDeploymentPostprocessing = 0;
		};
/* End PBXSourcesBuildPhase section */

/* Begin XCBuildConfiguration section */
		585107092983304800C666DC /* Debug */ = {
			isa = XCBuildConfiguration;
			buildSettings = {
				ALWAYS_SEARCH_USER_PATHS = NO;
				CLANG_ANALYZER_NONNULL = YES;
				CLANG_ANALYZER_NUMBER_OBJECT_CONVERSION = YES_AGGRESSIVE;
				CLANG_CXX_LANGUAGE_STANDARD = "gnu++20";
				CLANG_ENABLE_MODULES = YES;
				CLANG_ENABLE_OBJC_ARC = YES;
				CLANG_ENABLE_OBJC_WEAK = YES;
				CLANG_WARN_BLOCK_CAPTURE_AUTORELEASING = YES;
				CLANG_WARN_BOOL_CONVERSION = YES;
				CLANG_WARN_COMMA = YES;
				CLANG_WARN_CONSTANT_CONVERSION = YES;
				CLANG_WARN_DEPRECATED_OBJC_IMPLEMENTATIONS = YES;
				CLANG_WARN_DIRECT_OBJC_ISA_USAGE = YES_ERROR;
				CLANG_WARN_DOCUMENTATION_COMMENTS = YES;
				CLANG_WARN_EMPTY_BODY = YES;
				CLANG_WARN_ENUM_CONVERSION = YES;
				CLANG_WARN_INFINITE_RECURSION = YES;
				CLANG_WARN_INT_CONVERSION = YES;
				CLANG_WARN_NON_LITERAL_NULL_CONVERSION = YES;
				CLANG_WARN_OBJC_IMPLICIT_RETAIN_SELF = YES;
				CLANG_WARN_OBJC_LITERAL_CONVERSION = YES;
				CLANG_WARN_OBJC_ROOT_CLASS = YES_ERROR;
				CLANG_WARN_QUOTED_INCLUDE_IN_FRAMEWORK_HEADER = YES;
				CLANG_WARN_RANGE_LOOP_ANALYSIS = YES;
				CLANG_WARN_STRICT_PROTOTYPES = YES;
				CLANG_WARN_SUSPICIOUS_MOVE = YES;
				CLANG_WARN_UNGUARDED_AVAILABILITY = YES_AGGRESSIVE;
				CLANG_WARN_UNREACHABLE_CODE = YES;
				CLANG_WARN__DUPLICATE_METHOD_MATCH = YES;
				COPY_PHASE_STRIP = NO;
				DEBUG_INFORMATION_FORMAT = dwarf;
				ENABLE_STRICT_OBJC_MSGSEND = YES;
				ENABLE_TESTABILITY = YES;
				GCC_C_LANGUAGE_STANDARD = gnu11;
				GCC_DYNAMIC_NO_PIC = NO;
				GCC_NO_COMMON_BLOCKS = YES;
				GCC_OPTIMIZATION_LEVEL = 0;
				GCC_PREPROCESSOR_DEFINITIONS = (
					"DEBUG=1",
					"$(inherited)",
				);
				GCC_WARN_64_TO_32_BIT_CONVERSION = YES;
				GCC_WARN_ABOUT_RETURN_TYPE = YES_ERROR;
				GCC_WARN_UNDECLARED_SELECTOR = YES;
				GCC_WARN_UNINITIALIZED_AUTOS = YES_AGGRESSIVE;
				GCC_WARN_UNUSED_FUNCTION = YES;
				GCC_WARN_UNUSED_VARIABLE = YES;
				IPHONEOS_DEPLOYMENT_TARGET = 16.2;
				MTL_ENABLE_DEBUG_INFO = INCLUDE_SOURCE;
				MTL_FAST_MATH = YES;
				ONLY_ACTIVE_ARCH = YES;
				SDKROOT = iphoneos;
				SWIFT_ACTIVE_COMPILATION_CONDITIONS = DEBUG;
				SWIFT_OPTIMIZATION_LEVEL = "-Onone";
			};
			name = Debug;
		};
		5851070A2983304800C666DC /* Release */ = {
			isa = XCBuildConfiguration;
			buildSettings = {
				ALWAYS_SEARCH_USER_PATHS = NO;
				CLANG_ANALYZER_NONNULL = YES;
				CLANG_ANALYZER_NUMBER_OBJECT_CONVERSION = YES_AGGRESSIVE;
				CLANG_CXX_LANGUAGE_STANDARD = "gnu++20";
				CLANG_ENABLE_MODULES = YES;
				CLANG_ENABLE_OBJC_ARC = YES;
				CLANG_ENABLE_OBJC_WEAK = YES;
				CLANG_WARN_BLOCK_CAPTURE_AUTORELEASING = YES;
				CLANG_WARN_BOOL_CONVERSION = YES;
				CLANG_WARN_COMMA = YES;
				CLANG_WARN_CONSTANT_CONVERSION = YES;
				CLANG_WARN_DEPRECATED_OBJC_IMPLEMENTATIONS = YES;
				CLANG_WARN_DIRECT_OBJC_ISA_USAGE = YES_ERROR;
				CLANG_WARN_DOCUMENTATION_COMMENTS = YES;
				CLANG_WARN_EMPTY_BODY = YES;
				CLANG_WARN_ENUM_CONVERSION = YES;
				CLANG_WARN_INFINITE_RECURSION = YES;
				CLANG_WARN_INT_CONVERSION = YES;
				CLANG_WARN_NON_LITERAL_NULL_CONVERSION = YES;
				CLANG_WARN_OBJC_IMPLICIT_RETAIN_SELF = YES;
				CLANG_WARN_OBJC_LITERAL_CONVERSION = YES;
				CLANG_WARN_OBJC_ROOT_CLASS = YES_ERROR;
				CLANG_WARN_QUOTED_INCLUDE_IN_FRAMEWORK_HEADER = YES;
				CLANG_WARN_RANGE_LOOP_ANALYSIS = YES;
				CLANG_WARN_STRICT_PROTOTYPES = YES;
				CLANG_WARN_SUSPICIOUS_MOVE = YES;
				CLANG_WARN_UNGUARDED_AVAILABILITY = YES_AGGRESSIVE;
				CLANG_WARN_UNREACHABLE_CODE = YES;
				CLANG_WARN__DUPLICATE_METHOD_MATCH = YES;
				COPY_PHASE_STRIP = NO;
				DEBUG_INFORMATION_FORMAT = "dwarf-with-dsym";
				ENABLE_NS_ASSERTIONS = NO;
				ENABLE_STRICT_OBJC_MSGSEND = YES;
				GCC_C_LANGUAGE_STANDARD = gnu11;
				GCC_NO_COMMON_BLOCKS = YES;
				GCC_WARN_64_TO_32_BIT_CONVERSION = YES;
				GCC_WARN_ABOUT_RETURN_TYPE = YES_ERROR;
				GCC_WARN_UNDECLARED_SELECTOR = YES;
				GCC_WARN_UNINITIALIZED_AUTOS = YES_AGGRESSIVE;
				GCC_WARN_UNUSED_FUNCTION = YES;
				GCC_WARN_UNUSED_VARIABLE = YES;
				IPHONEOS_DEPLOYMENT_TARGET = 16.2;
				MTL_ENABLE_DEBUG_INFO = NO;
				MTL_FAST_MATH = YES;
				SDKROOT = iphoneos;
				SWIFT_COMPILATION_MODE = wholemodule;
				SWIFT_OPTIMIZATION_LEVEL = "-O";
				VALIDATE_PRODUCT = YES;
			};
			name = Release;
		};
		5851070C2983304800C666DC /* Debug */ = {
			isa = XCBuildConfiguration;
			buildSettings = {
				ASSETCATALOG_COMPILER_APPICON_NAME = AppIcon;
				ASSETCATALOG_COMPILER_GLOBAL_ACCENT_COLOR_NAME = AccentColor;
				CODE_SIGN_STYLE = Automatic;
				CURRENT_PROJECT_VERSION = 1;
				DEVELOPMENT_ASSET_PATHS = "\"AddMyClient/Preview Content\"";
				DEVELOPMENT_TEAM = R27EL9WB63;
				ENABLE_PREVIEWS = YES;
				GENERATE_INFOPLIST_FILE = YES;
				INFOPLIST_KEY_UIApplicationSceneManifest_Generation = YES;
				INFOPLIST_KEY_UIApplicationSupportsIndirectInputEvents = YES;
				INFOPLIST_KEY_UILaunchScreen_Generation = YES;
				INFOPLIST_KEY_UISupportedInterfaceOrientations_iPad = "UIInterfaceOrientationPortrait UIInterfaceOrientationPortraitUpsideDown UIInterfaceOrientationLandscapeLeft UIInterfaceOrientationLandscapeRight";
				INFOPLIST_KEY_UISupportedInterfaceOrientations_iPhone = "UIInterfaceOrientationPortrait UIInterfaceOrientationLandscapeLeft UIInterfaceOrientationLandscapeRight";
				LD_RUNPATH_SEARCH_PATHS = (
					"$(inherited)",
					"@executable_path/Frameworks",
				);
				MARKETING_VERSION = 1.0;
				PRODUCT_BUNDLE_IDENTIFIER = com.azmobiledev.AddMyClient;
				PRODUCT_NAME = "$(TARGET_NAME)";
				SWIFT_EMIT_LOC_STRINGS = YES;
				SWIFT_VERSION = 5.0;
				TARGETED_DEVICE_FAMILY = "1,2";
			};
			name = Debug;
		};
		5851070D2983304800C666DC /* Release */ = {
			isa = XCBuildConfiguration;
			buildSettings = {
				ASSETCATALOG_COMPILER_APPICON_NAME = AppIcon;
				ASSETCATALOG_COMPILER_GLOBAL_ACCENT_COLOR_NAME = AccentColor;
				CODE_SIGN_STYLE = Automatic;
				CURRENT_PROJECT_VERSION = 1;
				DEVELOPMENT_ASSET_PATHS = "\"AddMyClient/Preview Content\"";
				DEVELOPMENT_TEAM = R27EL9WB63;
				ENABLE_PREVIEWS = YES;
				GENERATE_INFOPLIST_FILE = YES;
				INFOPLIST_KEY_UIApplicationSceneManifest_Generation = YES;
				INFOPLIST_KEY_UIApplicationSupportsIndirectInputEvents = YES;
				INFOPLIST_KEY_UILaunchScreen_Generation = YES;
				INFOPLIST_KEY_UISupportedInterfaceOrientations_iPad = "UIInterfaceOrientationPortrait UIInterfaceOrientationPortraitUpsideDown UIInterfaceOrientationLandscapeLeft UIInterfaceOrientationLandscapeRight";
				INFOPLIST_KEY_UISupportedInterfaceOrientations_iPhone = "UIInterfaceOrientationPortrait UIInterfaceOrientationLandscapeLeft UIInterfaceOrientationLandscapeRight";
				LD_RUNPATH_SEARCH_PATHS = (
					"$(inherited)",
					"@executable_path/Frameworks",
				);
				MARKETING_VERSION = 1.0;
				PRODUCT_BUNDLE_IDENTIFIER = com.azmobiledev.AddMyClient;
				PRODUCT_NAME = "$(TARGET_NAME)";
				SWIFT_EMIT_LOC_STRINGS = YES;
				SWIFT_VERSION = 5.0;
				TARGETED_DEVICE_FAMILY = "1,2";
			};
			name = Release;
		};
/* End XCBuildConfiguration section */

/* Begin XCConfigurationList section */
		585106F82983304700C666DC /* Build configuration list for PBXProject "AddMyClient" */ = {
			isa = XCConfigurationList;
			buildConfigurations = (
				585107092983304800C666DC /* Debug */,
				5851070A2983304800C666DC /* Release */,
			);
			defaultConfigurationIsVisible = 0;
			defaultConfigurationName = Release;
		};
		5851070B2983304800C666DC /* Build configuration list for PBXNativeTarget "AddMyClient" */ = {
			isa = XCConfigurationList;
			buildConfigurations = (
				5851070C2983304800C666DC /* Debug */,
				5851070D2983304800C666DC /* Release */,
			);
			defaultConfigurationIsVisible = 0;
			defaultConfigurationName = Release;
		};
/* End XCConfigurationList section */

/* Begin XCVersionGroup section */
		5851070E2983307900C666DC /* ClientsDataModel.xcdatamodeld */ = {
			isa = XCVersionGroup;
			children = (
				5851070F2983307900C666DC /* ClientsDataModel.xcdatamodel */,
			);
			currentVersion = 5851070F2983307900C666DC /* ClientsDataModel.xcdatamodel */;
			path = ClientsDataModel.xcdatamodeld;
			sourceTree = "<group>";
			versionGroupType = wrapper.xcdatamodel;
		};
/* End XCVersionGroup section */
	};
	rootObject = 585106F52983304700C666DC /* Project object */;
}
